
Microsoft Visual Studio Solution File, Format Version 12.00
# Visual Studio 15
VisualStudioVersion = 15.0.28307.645
MinimumVisualStudioVersion = 10.0.40219.1
Project("{FAE04EC0-301F-11D3-BF4B-00C04F79EFBC}") = "AssetManager", "AssetManager.csproj", "{42F68831-E4E8-4208-A4D0-9312CA7614A0}"
EndProject
Global
	GlobalSection(SolutionConfigurationPlatforms) = preSolution
		Debug|Any CPU = Debug|Any CPU
		Release|Any CPU = Release|Any CPU
	EndGlobalSection
	GlobalSection(ProjectConfigurationPlatforms) = postSolution
		{42F68831-E4E8-4208-A4D0-9312CA7614A0}.Debug|Any CPU.ActiveCfg = Debug|Any CPU
		{42F68831-E4E8-4208-A4D0-9312CA7614A0}.Debug|Any CPU.Build.0 = Debug|Any CPU
		{42F68831-E4E8-4208-A4D0-9312CA7614A0}.Release|Any CPU.ActiveCfg = Release|Any CPU
		{42F68831-E4E8-4208-A4D0-9312CA7614A0}.Release|Any CPU.Build.0 = Release|Any CPU
	EndGlobalSection
	GlobalSection(SolutionProperties) = preSolution
		HideSolutionNode = FALSE
	EndGlobalSection
	GlobalSection(ExtensibilityGlobals) = postSolution
		SolutionGuid = {241B3B42-E842-407A-B913-B18D4858C3DB}
	EndGlobalSection
EndGlobal
